// !$*UTF8*$!
{
	archiveVersion = 1;
	classes = {
	};
	objectVersion = 76;
	objects = {

/* Begin PBXBuildFile section */
		EDB5BFA22FF5503A007E572A /* Kingfisher in Frameworks */ = {isa = PBXBuildFile; productRef = EDB5BFA12FF5503A007E572A /* Kingfisher */; };
/* End PBXBuildFile section */

/* Begin PBXFileReference section */
		EDB143102B7B1F0300494CFB /* Obj-C-Demo.app */ = {isa = PBXFileReference; explicitFileType = wrapper.application; includeInIndex = 0; path = "Obj-C-Demo.app"; sourceTree = BUILT_PRODUCTS_DIR; };
/* End PBXFileReference section */

/* Begin PBXFileSystemSynchronizedBuildFileExceptionSet section */
		ED910F5D2FF6641200F445CC /* PBXFileSystemSynchronizedBuildFileExceptionSet */ = {
			isa = PBXFileSystemSynchronizedBuildFileExceptionSet;
			membershipExceptions = (
				/Localized/storyboards/LaunchScreen.storyboard,
				/Localized/storyboards/Main.storyboard,
				AppDelegate.m,
				CustomCells/CollectionViewCell.xib,
				CustomCells/ImageTitleTableViewCell.swift,
				CustomCells/ImageTitleTableViewCell.xib,
				main.m,
				Model/Constants.swift,
				Model/CountVC.swift,
				Model/Extensions.swift,
				Model/MyClassForKVO.swift,
				Model/MyHeavyObject.m,
				Model/MyMemoryDemoObject.m,
				Model/MyNotifClass.swift,
				Model/MyObjcThread.m,
				Model/MyOperation.m,
				Model/MyOperationQueue.m,
				Model/MyThread.swift,
				Model/MyTimer.m,
				Model/MyTimerProxy.m,
				Model/MyTimertarget.m,
				Model/NetworkAvailability.swift,
				"Model/NSTimer+MyTimerBlockSupport.m",
				Model/ObjcUtils.m,
				Model/Pair.m,
				Model/Person.m,
				Model/Pet.m,
				MyNotificationCenter.swift,
				SceneDelegate.m,
				storyboards/Others.storyboard,
				Utils/NetworkHelper.m,
				ViewControllers/ObjectiveC/Animation/AnimationViewController.m,
				ViewControllers/ObjectiveC/BaseTableViewController.m,
				ViewControllers/ObjectiveC/ObjCListTableViewController.m,
				ViewControllers/ObjectiveC/ObjCRuntimeTableViewController.m,
				ViewControllers/ObjectiveC/ObjectiveCAnimationTableViewController.m,
				ViewControllers/ObjectiveC/ObjectiveCTableViewController.m,
				ViewControllers/ObjectiveC/ThreadTableViewController.m,
				ViewControllers/Swift/BaseViewController.swift,
				ViewControllers/Swift/CollectionViewController.swift,
				ViewControllers/Swift/CombineFrameworDemoViewController.swift,
				ViewControllers/Swift/CoroutineTableViewController.swift,
				ViewControllers/Swift/CustomListView.swift,
				ViewControllers/Swift/DiffableCollectionViewController.swift,
				ViewControllers/Swift/IOSTableViewController.swift,
				ViewControllers/Swift/ListTableViewController.swift,
				ViewControllers/Swift/MainNavigationController.swift,
				ViewControllers/Swift/MemoryTestViewController.swift,
				ViewControllers/Swift/NetworkTableViewController.swift,
				ViewControllers/Swift/ObjectCRunTimeViewController.swift,
				ViewControllers/Swift/RotationViewController.swift,
				ViewControllers/Swift/SafeAreaTestingViewController.swift,
				ViewControllers/Swift/StatusBarDemoViewController.swift,
				ViewControllers/Swift/SwiftDelegateDemoViewController.swift,
				ViewControllers/Swift/SwiftTableViewController.swift,
				ViewControllers/Swift/SwiftUIMainView.swift,
				ViewControllers/Swift/TableViewController.swift,
				ViewControllers/Swift/ThreadLockTableViewController.swift,
				ViewControllers/Swift/ThreadViewController.swift,
				ViewControllers/Swift/TouchViewController.swift,
				ViewControllers/Swift/WebViewController.swift,
			);
			target = EDB1430F2B7B1F0300494CFB /* Obj-C-Demo */;
		};
		ED910F6A2FF6644C00F445CC /* PBXFileSystemSynchronizedBuildFileExceptionSet */ = {
			isa = PBXFileSystemSynchronizedBuildFileExceptionSet;
			membershipExceptions = (
				Assets.xcassets,
				liusisi.bundle,
				web.html,
			);
			target = EDB1430F2B7B1F0300494CFB /* Obj-C-Demo */;
		};
/* End PBXFileSystemSynchronizedBuildFileExceptionSet section */

/* Begin PBXFileSystemSynchronizedRootGroup section */
		ED910ECB2FF6640400F445CC /* Sources */ = {isa = PBXFileSystemSynchronizedRootGroup; exceptions = (ED910F5D2FF6641200F445CC /* PBXFileSystemSynchronizedBuildFileExceptionSet */, ); explicitFileTypes = {}; explicitFolders = (); path = Sources; sourceTree = "<group>"; };
		ED910F642FF6644B00F445CC /* Resources */ = {isa = PBXFileSystemSynchronizedRootGroup; exceptions = (ED910F6A2FF6644C00F445CC /* PBXFileSystemSynchronizedBuildFileExceptionSet */, ); explicitFileTypes = {}; explicitFolders = (); path = Resources; sourceTree = "<group>"; };
		ED910F6B2FF6645900F445CC /* SupportFiles */ = {isa = PBXFileSystemSynchronizedRootGroup; explicitFileTypes = {}; explicitFolders = (); path = SupportFiles; sourceTree = "<group>"; };
/* End PBXFileSystemSynchronizedRootGroup section */

/* Begin PBXFrameworksBuildPhase section */
		EDB1430D2B7B1F0300494CFB /* Frameworks */ = {
			isa = PBXFrameworksBuildPhase;
			buildActionMask = 2147483647;
			files = (
				EDB5BFA22FF5503A007E572A /* Kingfisher in Frameworks */,
			);
			runOnlyForDeploymentPostprocessing = 0;
		};
/* End PBXFrameworksBuildPhase section */

/* Begin PBXGroup section */
		EDB143072B7B1F0300494CFB = {
			isa = PBXGroup;
			children = (
				ED910F6B2FF6645900F445CC /* SupportFiles */,
				ED910F642FF6644B00F445CC /* Resources */,
				ED910ECB2FF6640400F445CC /* Sources */,
				EDB143112B7B1F0300494CFB /* Products */,
			);
			sourceTree = "<group>";
		};
		EDB143112B7B1F0300494CFB /* Products */ = {
			isa = PBXGroup;
			children = (
				EDB143102B7B1F0300494CFB /* Obj-C-Demo.app */,
			);
			name = Products;
			sourceTree = "<group>";
		};
/* End PBXGroup section */

/* Begin PBXNativeTarget section */
		EDB1430F2B7B1F0300494CFB /* Obj-C-Demo */ = {
			isa = PBXNativeTarget;
			buildConfigurationList = EDB143292B7B1F1A00494CFB /* Build configuration list for PBXNativeTarget "Obj-C-Demo" */;
			buildPhases = (
				EDB1430C2B7B1F0300494CFB /* Sources */,
				EDB1430D2B7B1F0300494CFB /* Frameworks */,
				EDB1430E2B7B1F0300494CFB /* Resources */,
			);
			buildRules = (
			);
			dependencies = (
			);
			name = "Obj-C-Demo";
			productName = "Obj-C-Demo";
			productReference = EDB143102B7B1F0300494CFB /* Obj-C-Demo.app */;
			productType = "com.apple.product-type.application";
		};
/* End PBXNativeTarget section */

/* Begin PBXProject section */
		EDB143082B7B1F0300494CFB /* Project object */ = {
			isa = PBXProject;
			attributes = {
				BuildIndependentTargetsInParallel = 1;
				LastUpgradeCheck = 1520;
				TargetAttributes = {
					EDB1430F2B7B1F0300494CFB = {
						CreatedOnToolsVersion = 15.2;
						LastSwiftMigration = 1520;
					};
				};
			};
			buildConfigurationList = EDB1430B2B7B1F0300494CFB /* Build configuration list for PBXProject "Obj-C-Demo" */;
			developmentRegion = en;
			hasScannedForEncodings = 0;
			knownRegions = (
				en,
				Base,
			);
			mainGroup = EDB143072B7B1F0300494CFB;
			packageReferences = (
				EDB5BFA02FF5503A007E572A /* XCRemoteSwiftPackageReference "Kingfisher" */,
			);
			preferredProjectObjectVersion = 56;
			productRefGroup = EDB143112B7B1F0300494CFB /* Products */;
			projectDirPath = "";
			projectRoot = "";
			targets = (
				EDB1430F2B7B1F0300494CFB /* Obj-C-Demo */,
			);
		};
/* End PBXProject section */

/* Begin PBXResourcesBuildPhase section */
		EDB1430E2B7B1F0300494CFB /* Resources */ = {
			isa = PBXResourcesBuildPhase;
			buildActionMask = 2147483647;
			files = (
			);
			runOnlyForDeploymentPostprocessing = 0;
		};
/* End PBXResourcesBuildPhase section */

/* Begin PBXSourcesBuildPhase section */
		EDB1430C2B7B1F0300494CFB /* Sources */ = {
			isa = PBXSourcesBuildPhase;
			buildActionMask = 2147483647;
			files = (
			);
			runOnlyForDeploymentPostprocessing = 0;
		};
/* End PBXSourcesBuildPhase section */

/* Begin XCBuildConfiguration section */
		EDB143272B7B1F1A00494CFB /* Debug */ = {
			isa = XCBuildConfiguration;
			buildSettings = {
				ALWAYS_SEARCH_USER_PATHS = NO;
				ASSETCATALOG_COMPILER_GENERATE_SWIFT_ASSET_SYMBOL_EXTENSIONS = YES;
				CLANG_ANALYZER_NONNULL = YES;
				CLANG_ANALYZER_NUMBER_OBJECT_CONVERSION = YES_AGGRESSIVE;
				CLANG_CXX_LANGUAGE_STANDARD = "gnu++20";
				CLANG_ENABLE_MODULES = YES;
				CLANG_ENABLE_OBJC_ARC = YES;
				CLANG_ENABLE_OBJC_WEAK = YES;
				CLANG_WARN_BLOCK_CAPTURE_AUTORELEASING = YES;
				CLANG_WARN_BOOL_CONVERSION = YES;
				CLANG_WARN_COMMA = YES;
				CLANG_WARN_CONSTANT_CONVERSION = YES;
				CLANG_WARN_DEPRECATED_OBJC_IMPLEMENTATIONS = YES;
				CLANG_WARN_DIRECT_OBJC_ISA_USAGE = YES_ERROR;
				CLANG_WARN_DOCUMENTATION_COMMENTS = YES;
				CLANG_WARN_EMPTY_BODY = YES;
				CLANG_WARN_ENUM_CONVERSION = YES;
				CLANG_WARN_INFINITE_RECURSION = YES;
				CLANG_WARN_INT_CONVERSION = YES;
				CLANG_WARN_NON_LITERAL_NULL_CONVERSION = YES;
				CLANG_WARN_OBJC_IMPLICIT_RETAIN_SELF = YES;
				CLANG_WARN_OBJC_LITERAL_CONVERSION = YES;
				CLANG_WARN_OBJC_ROOT_CLASS = YES_ERROR;
				CLANG_WARN_QUOTED_INCLUDE_IN_FRAMEWORK_HEADER = YES;
				CLANG_WARN_RANGE_LOOP_ANALYSIS = YES;
				CLANG_WARN_STRICT_PROTOTYPES = YES;
				CLANG_WARN_SUSPICIOUS_MOVE = YES;
				CLANG_WARN_UNGUARDED_AVAILABILITY = YES_AGGRESSIVE;
				CLANG_WARN_UNREACHABLE_CODE = YES;
				CLANG_WARN__DUPLICATE_METHOD_MATCH = YES;
				COPY_PHASE_STRIP = NO;
				DEBUG_INFORMATION_FORMAT = dwarf;
				ENABLE_STRICT_OBJC_MSGSEND = YES;
				ENABLE_TESTABILITY = YES;
				ENABLE_USER_SCRIPT_SANDBOXING = YES;
				GCC_C_LANGUAGE_STANDARD = gnu17;
				GCC_DYNAMIC_NO_PIC = NO;
				GCC_NO_COMMON_BLOCKS = YES;
				GCC_OPTIMIZATION_LEVEL = 0;
				GCC_PREPROCESSOR_DEFINITIONS = (
					"DEBUG=1",
					"$(inherited)",
				);
				GCC_WARN_64_TO_32_BIT_CONVERSION = YES;
				GCC_WARN_ABOUT_RETURN_TYPE = YES_ERROR;
				GCC_WARN_UNDECLARED_SELECTOR = YES;
				GCC_WARN_UNINITIALIZED_AUTOS = YES_AGGRESSIVE;
				GCC_WARN_UNUSED_FUNCTION = YES;
				GCC_WARN_UNUSED_VARIABLE = YES;
				IPHONEOS_DEPLOYMENT_TARGET = 17.2;
				LOCALIZATION_PREFERS_STRING_CATALOGS = YES;
				MTL_ENABLE_DEBUG_INFO = INCLUDE_SOURCE;
				MTL_FAST_MATH = YES;
				ONLY_ACTIVE_ARCH = YES;
				SDKROOT = iphoneos;
				SWIFT_OBJC_BRIDGING_HEADER = "SupportFiles/Obj-C-Demo-Bridging-Header.h";
			};
			name = Debug;
		};
		EDB143282B7B1F1A00494CFB /* Release */ = {
			isa = XCBuildConfiguration;
			buildSettings = {
				ALWAYS_SEARCH_USER_PATHS = NO;
				ASSETCATALOG_COMPILER_GENERATE_SWIFT_ASSET_SYMBOL_EXTENSIONS = YES;
				CLANG_ANALYZER_NONNULL = YES;
				CLANG_ANALYZER_NUMBER_OBJECT_CONVERSION = YES_AGGRESSIVE;
				CLANG_CXX_LANGUAGE_STANDARD = "gnu++20";
				CLANG_ENABLE_MODULES = YES;
				CLANG_ENABLE_OBJC_ARC = YES;
				CLANG_ENABLE_OBJC_WEAK = YES;
				CLANG_WARN_BLOCK_CAPTURE_AUTORELEASING = YES;
				CLANG_WARN_BOOL_CONVERSION = YES;
				CLANG_WARN_COMMA = YES;
				CLANG_WARN_CONSTANT_CONVERSION = YES;
				CLANG_WARN_DEPRECATED_OBJC_IMPLEMENTATIONS = YES;
				CLANG_WARN_DIRECT_OBJC_ISA_USAGE = YES_ERROR;
				CLANG_WARN_DOCUMENTATION_COMMENTS = YES;
				CLANG_WARN_EMPTY_BODY = YES;
				CLANG_WARN_ENUM_CONVERSION = YES;
				CLANG_WARN_INFINITE_RECURSION = YES;
				CLANG_WARN_INT_CONVERSION = YES;
				CLANG_WARN_NON_LITERAL_NULL_CONVERSION = YES;
				CLANG_WARN_OBJC_IMPLICIT_RETAIN_SELF = YES;
				CLANG_WARN_OBJC_LITERAL_CONVERSION = YES;
				CLANG_WARN_OBJC_ROOT_CLASS = YES_ERROR;
				CLANG_WARN_QUOTED_INCLUDE_IN_FRAMEWORK_HEADER = YES;
				CLANG_WARN_RANGE_LOOP_ANALYSIS = YES;
				CLANG_WARN_STRICT_PROTOTYPES = YES;
				CLANG_WARN_SUSPICIOUS_MOVE = YES;
				CLANG_WARN_UNGUARDED_AVAILABILITY = YES_AGGRESSIVE;
				CLANG_WARN_UNREACHABLE_CODE = YES;
				CLANG_WARN__DUPLICATE_METHOD_MATCH = YES;
				COPY_PHASE_STRIP = NO;
				DEBUG_INFORMATION_FORMAT = "dwarf-with-dsym";
				ENABLE_NS_ASSERTIONS = NO;
				ENABLE_STRICT_OBJC_MSGSEND = YES;
				ENABLE_USER_SCRIPT_SANDBOXING = YES;
				GCC_C_LANGUAGE_STANDARD = gnu17;
				GCC_NO_COMMON_BLOCKS = YES;
				GCC_WARN_64_TO_32_BIT_CONVERSION = YES;
				GCC_WARN_ABOUT_RETURN_TYPE = YES_ERROR;
				GCC_WARN_UNDECLARED_SELECTOR = YES;
				GCC_WARN_UNINITIALIZED_AUTOS = YES_AGGRESSIVE;
				GCC_WARN_UNUSED_FUNCTION = YES;
				GCC_WARN_UNUSED_VARIABLE = YES;
				IPHONEOS_DEPLOYMENT_TARGET = 17.2;
				LOCALIZATION_PREFERS_STRING_CATALOGS = YES;
				MTL_ENABLE_DEBUG_INFO = NO;
				MTL_FAST_MATH = YES;
				SDKROOT = iphoneos;
				SWIFT_OBJC_BRIDGING_HEADER = "SupportFiles/Obj-C-Demo-Bridging-Header.h";
				VALIDATE_PRODUCT = YES;
			};
			name = Release;
		};
		EDB1432A2B7B1F1A00494CFB /* Debug */ = {
			isa = XCBuildConfiguration;
			buildSettings = {
				ASSETCATALOG_COMPILER_APPICON_NAME = AppIcon;
				ASSETCATALOG_COMPILER_GLOBAL_ACCENT_COLOR_NAME = AccentColor;
				CLANG_ENABLE_MODULES = YES;
				CODE_SIGN_STYLE = Automatic;
				CURRENT_PROJECT_VERSION = 1;
				DEVELOPMENT_TEAM = 7UGQE8DF6B;
				GENERATE_INFOPLIST_FILE = YES;
				INFOPLIST_FILE = SupportFiles/Info.plist;
				INFOPLIST_KEY_CFBundleDisplayName = "Objc-C-Demo";
				INFOPLIST_KEY_UIApplicationSupportsIndirectInputEvents = YES;
				INFOPLIST_KEY_UILaunchStoryboardName = LaunchScreen;
				INFOPLIST_KEY_UIMainStoryboardFile = Main;
				INFOPLIST_KEY_UISupportedInterfaceOrientations_iPad = "UIInterfaceOrientationPortrait UIInterfaceOrientationPortraitUpsideDown UIInterfaceOrientationLandscapeLeft UIInterfaceOrientationLandscapeRight";
				INFOPLIST_KEY_UISupportedInterfaceOrientations_iPhone = "UIInterfaceOrientationPortrait UIInterfaceOrientationLandscapeLeft UIInterfaceOrientationLandscapeRight";
				IPHONEOS_DEPLOYMENT_TARGET = 16.6;
				LD_RUNPATH_SEARCH_PATHS = (
					"$(inherited)",
					"@executable_path/Frameworks",
				);
				MARKETING_VERSION = 1.0;
				PRODUCT_BUNDLE_IDENTIFIER = com.rmit.app.demo.objCDemo;
				PRODUCT_NAME = "$(TARGET_NAME)";
				SWIFT_DEFAULT_ACTOR_ISOLATION = MainActor;
				SWIFT_EMIT_LOC_STRINGS = YES;
				SWIFT_OBJC_BRIDGING_HEADER = "SupportFiles/Obj-C-Demo-Bridging-Header.h";
				SWIFT_OPTIMIZATION_LEVEL = "-Onone";
				SWIFT_STRICT_CONCURRENCY = complete;
				SWIFT_VERSION = 6.0;
				TARGETED_DEVICE_FAMILY = "1,2";
			};
			name = Debug;
		};
		EDB1432B2B7B1F1A00494CFB /* Release */ = {
			isa = XCBuildConfiguration;
			buildSettings = {
				ASSETCATALOG_COMPILER_APPICON_NAME = AppIcon;
				ASSETCATALOG_COMPILER_GLOBAL_ACCENT_COLOR_NAME = AccentColor;
				CLANG_ENABLE_MODULES = YES;
				CODE_SIGN_STYLE = Automatic;
				CURRENT_PROJECT_VERSION = 1;
				DEVELOPMENT_TEAM = 7UGQE8DF6B;
				GENERATE_INFOPLIST_FILE = YES;
				INFOPLIST_FILE = SupportFiles/Info.plist;
				INFOPLIST_KEY_CFBundleDisplayName = "Objc-C-Demo";
				INFOPLIST_KEY_UIApplicationSupportsIndirectInputEvents = YES;
				INFOPLIST_KEY_UILaunchStoryboardName = LaunchScreen;
				INFOPLIST_KEY_UIMainStoryboardFile = Main;
				INFOPLIST_KEY_UISupportedInterfaceOrientations_iPad = "UIInterfaceOrientationPortrait UIInterfaceOrientationPortraitUpsideDown UIInterfaceOrientationLandscapeLeft UIInterfaceOrientationLandscapeRight";
				INFOPLIST_KEY_UISupportedInterfaceOrientations_iPhone = "UIInterfaceOrientationPortrait UIInterfaceOrientationLandscapeLeft UIInterfaceOrientationLandscapeRight";
				IPHONEOS_DEPLOYMENT_TARGET = 16.6;
				LD_RUNPATH_SEARCH_PATHS = (
					"$(inherited)",
					"@executable_path/Frameworks",
				);
				MARKETING_VERSION = 1.0;
				PRODUCT_BUNDLE_IDENTIFIER = com.rmit.app.demo.objCDemo;
				PRODUCT_NAME = "$(TARGET_NAME)";
				SWIFT_DEFAULT_ACTOR_ISOLATION = MainActor;
				SWIFT_EMIT_LOC_STRINGS = YES;
				SWIFT_OBJC_BRIDGING_HEADER = "SupportFiles/Obj-C-Demo-Bridging-Header.h";
				SWIFT_STRICT_CONCURRENCY = complete;
				SWIFT_VERSION = 6.0;
				TARGETED_DEVICE_FAMILY = "1,2";
			};
			name = Release;
		};
/* End XCBuildConfiguration section */

/* Begin XCConfigurationList section */
		EDB1430B2B7B1F0300494CFB /* Build configuration list for PBXProject "Obj-C-Demo" */ = {
			isa = XCConfigurationList;
			buildConfigurations = (
				EDB143272B7B1F1A00494CFB /* Debug */,
				EDB143282B7B1F1A00494CFB /* Release */,
			);
			defaultConfigurationIsVisible = 0;
			defaultConfigurationName = Release;
		};
		EDB143292B7B1F1A00494CFB /* Build configuration list for PBXNativeTarget "Obj-C-Demo" */ = {
			isa = XCConfigurationList;
			buildConfigurations = (
				EDB1432A2B7B1F1A00494CFB /* Debug */,
				EDB1432B2B7B1F1A00494CFB /* Release */,
			);
			defaultConfigurationIsVisible = 0;
			defaultConfigurationName = Release;
		};
/* End XCConfigurationList section */

/* Begin XCRemoteSwiftPackageReference section */
		EDB5BFA02FF5503A007E572A /* XCRemoteSwiftPackageReference "Kingfisher" */ = {
			isa = XCRemoteSwiftPackageReference;
			repositoryURL = "https://github.com/onevcat/Kingfisher.git";
			requirement = {
				kind = upToNextMajorVersion;
				minimumVersion = 8.10.0;
			};
		};
/* End XCRemoteSwiftPackageReference section */

/* Begin XCSwiftPackageProductDependency section */
		EDB5BFA12FF5503A007E572A /* Kingfisher */ = {
			isa = XCSwiftPackageProductDependency;
			package = EDB5BFA02FF5503A007E572A /* XCRemoteSwiftPackageReference "Kingfisher" */;
			productName = Kingfisher;
		};
/* End XCSwiftPackageProductDependency section */
	};
	rootObject = EDB143082B7B1F0300494CFB /* Project object */;
}
